
Microsoft Visual Studio Solution File, Format Version 12.00
# Visual Studio Version 17
VisualStudioVersion = 17.8.34322.80
MinimumVisualStudioVersion = 10.0.40219.1
Project("{FAE04EC0-301F-11D3-BF4B-00C04F79EFBC}") = "jokesandjokes", "jokesandjokes.csproj", "{430CDF35-0744-4A5F-8A27-BE75B49A11A3}"
EndProject
Global
	GlobalSection(SolutionConfigurationPlatforms) = preSolution
		Debug|Any CPU = Debug|Any CPU
		Release|Any CPU = Release|Any CPU
	EndGlobalSection
	GlobalSection(ProjectConfigurationPlatforms) = postSolution
		{430CDF35-0744-4A5F-8A27-BE75B49A11A3}.Debug|Any CPU.ActiveCfg = Debug|Any CPU
		{430CDF35-0744-4A5F-8A27-BE75B49A11A3}.Debug|Any CPU.Build.0 = Debug|Any CPU
		{430CDF35-0744-4A5F-8A27-BE75B49A11A3}.Release|Any CPU.ActiveCfg = Release|Any CPU
		{430CDF35-0744-4A5F-8A27-BE75B49A11A3}.Release|Any CPU.Build.0 = Release|Any CPU
	EndGlobalSection
	GlobalSection(SolutionProperties) = preSolution
		HideSolutionNode = FALSE
	EndGlobalSection
	GlobalSection(ExtensibilityGlobals) = postSolution
		SolutionGuid = {8F6C0316-FE83-4ED8-AC8D-E9B86EF8D13C}
	EndGlobalSection
EndGlobal
